
Microsoft Visual Studio Solution File, Format Version 12.00
Project("{2150E333-8FDC-42A3-9474-1A3956D46DE8}") = "Core", "Core", "{2F6F744E-DFBA-4DC0-9783-32B1803DD320}"
EndProject
Project("{2150E333-8FDC-42A3-9474-1A3956D46DE8}") = "External", "External", "{06A27E1C-E690-4C08-9D64-B1682FC01F96}"
EndProject
Project("{FAE04EC0-301F-11D3-BF4B-00C04F79EFBC}") = "Application", "Application\Application.csproj", "{8D0A70A8-BEB7-45D9-82EF-105B25F2B0C7}"
EndProject
Project("{FAE04EC0-301F-11D3-BF4B-00C04F79EFBC}") = "Domain", "Domain\Domain.csproj", "{AEE7F63D-98F0-448F-9FE0-AC4EDC5896E0}"
EndProject
Project("{FAE04EC0-301F-11D3-BF4B-00C04F79EFBC}") = "Presentation", "External\Presentation\Presentation.csproj", "{44EFDCB1-C6E8-4809-A448-072DB3C37080}"
EndProject
Project("{FAE04EC0-301F-11D3-BF4B-00C04F79EFBC}") = "Web", "External\Web\Web.csproj", "{6CD32BA2-0E7F-4772-A51A-8C84914B031F}"
EndProject
Project("{FAE04EC0-301F-11D3-BF4B-00C04F79EFBC}") = "Infraestructure", "External\Infraestructure\Infraestructure.csproj", "{785D0B7D-A910-447E-B0CE-9D63341F68FC}"
EndProject
Project("{FAE04EC0-301F-11D3-BF4B-00C04F79EFBC}") = "Persistence", "External\Persistence\Persistence.csproj", "{38157C6C-8D8F-42C7-B696-FE2AE18CA97B}"
EndProject
Global
	GlobalSection(SolutionConfigurationPlatforms) = preSolution
		Debug|Any CPU = Debug|Any CPU
		Release|Any CPU = Release|Any CPU
	EndGlobalSection
	GlobalSection(ProjectConfigurationPlatforms) = postSolution
		{8D0A70A8-BEB7-45D9-82EF-105B25F2B0C7}.Debug|Any CPU.ActiveCfg = Debug|Any CPU
		{8D0A70A8-BEB7-45D9-82EF-105B25F2B0C7}.Debug|Any CPU.Build.0 = Debug|Any CPU
		{8D0A70A8-BEB7-45D9-82EF-105B25F2B0C7}.Release|Any CPU.ActiveCfg = Release|Any CPU
		{8D0A70A8-BEB7-45D9-82EF-105B25F2B0C7}.Release|Any CPU.Build.0 = Release|Any CPU
		{AEE7F63D-98F0-448F-9FE0-AC4EDC5896E0}.Debug|Any CPU.ActiveCfg = Debug|Any CPU
		{AEE7F63D-98F0-448F-9FE0-AC4EDC5896E0}.Debug|Any CPU.Build.0 = Debug|Any CPU
		{AEE7F63D-98F0-448F-9FE0-AC4EDC5896E0}.Release|Any CPU.ActiveCfg = Release|Any CPU
		{AEE7F63D-98F0-448F-9FE0-AC4EDC5896E0}.Release|Any CPU.Build.0 = Release|Any CPU
		{44EFDCB1-C6E8-4809-A448-072DB3C37080}.Debug|Any CPU.ActiveCfg = Debug|Any CPU
		{44EFDCB1-C6E8-4809-A448-072DB3C37080}.Debug|Any CPU.Build.0 = Debug|Any CPU
		{44EFDCB1-C6E8-4809-A448-072DB3C37080}.Release|Any CPU.ActiveCfg = Release|Any CPU
		{44EFDCB1-C6E8-4809-A448-072DB3C37080}.Release|Any CPU.Build.0 = Release|Any CPU
		{6CD32BA2-0E7F-4772-A51A-8C84914B031F}.Debug|Any CPU.ActiveCfg = Debug|Any CPU
		{6CD32BA2-0E7F-4772-A51A-8C84914B031F}.Debug|Any CPU.Build.0 = Debug|Any CPU
		{6CD32BA2-0E7F-4772-A51A-8C84914B031F}.Release|Any CPU.ActiveCfg = Release|Any CPU
		{6CD32BA2-0E7F-4772-A51A-8C84914B031F}.Release|Any CPU.Build.0 = Release|Any CPU
		{785D0B7D-A910-447E-B0CE-9D63341F68FC}.Debug|Any CPU.ActiveCfg = Debug|Any CPU
		{785D0B7D-A910-447E-B0CE-9D63341F68FC}.Debug|Any CPU.Build.0 = Debug|Any CPU
		{785D0B7D-A910-447E-B0CE-9D63341F68FC}.Release|Any CPU.ActiveCfg = Release|Any CPU
		{785D0B7D-A910-447E-B0CE-9D63341F68FC}.Release|Any CPU.Build.0 = Release|Any CPU
		{38157C6C-8D8F-42C7-B696-FE2AE18CA97B}.Debug|Any CPU.ActiveCfg = Debug|Any CPU
		{38157C6C-8D8F-42C7-B696-FE2AE18CA97B}.Debug|Any CPU.Build.0 = Debug|Any CPU
		{38157C6C-8D8F-42C7-B696-FE2AE18CA97B}.Release|Any CPU.ActiveCfg = Release|Any CPU
		{38157C6C-8D8F-42C7-B696-FE2AE18CA97B}.Release|Any CPU.Build.0 = Release|Any CPU
	EndGlobalSection
	GlobalSection(NestedProjects) = preSolution
		{8D0A70A8-BEB7-45D9-82EF-105B25F2B0C7} = {2F6F744E-DFBA-4DC0-9783-32B1803DD320}
		{AEE7F63D-98F0-448F-9FE0-AC4EDC5896E0} = {2F6F744E-DFBA-4DC0-9783-32B1803DD320}
		{44EFDCB1-C6E8-4809-A448-072DB3C37080} = {06A27E1C-E690-4C08-9D64-B1682FC01F96}
		{6CD32BA2-0E7F-4772-A51A-8C84914B031F} = {06A27E1C-E690-4C08-9D64-B1682FC01F96}
		{785D0B7D-A910-447E-B0CE-9D63341F68FC} = {06A27E1C-E690-4C08-9D64-B1682FC01F96}
		{38157C6C-8D8F-42C7-B696-FE2AE18CA97B} = {06A27E1C-E690-4C08-9D64-B1682FC01F96}
	EndGlobalSection
EndGlobal
